{
  "name": "底部选项卡模板",
  "version": "0.0.9",
  "lockfileVersion": 3,
  "requires": true,
  "packages": {
    "": {
      "name": "底部选项卡模板",
      "version": "0.0.9",
      "dependencies": {
        "recorder-core": "^1.3.25011100"
      }
    },
    "node_modules/recorder-core": {
      "version": "1.3.25011100",
      "resolved": "https://registry.npmmirror.com/recorder-core/-/recorder-core-1.3.25011100.tgz",
      "integrity": "sha512-trXsCH0zurhoizT4Z22C0OsM0SDOW+2OvtgRxeLQFwxoFeqFjDjYZsbZEZUiKMJLhBvamI4K7Ic+qZ2LBo74TA=="
    }
  }
}
